
Microsoft Visual Studio Solution File, Format Version 12.00
# Visual Studio Version 16
VisualStudioVersion = 16.0.32228.343
MinimumVisualStudioVersion = 10.0.40219.1
Project("{9A19103F-16F7-4668-BE54-9A1E7A4F7556}") = "ACM_Website.Server", "ACM_Website\Server\ACM_Website.Server.csproj", "{B349F8E3-5636-4AAB-B01E-41E3645282A6}"
EndProject
Project("{9A19103F-16F7-4668-BE54-9A1E7A4F7556}") = "ACM_Website.Client", "ACM_Website\Client\ACM_Website.Client.csproj", "{1586FA9E-EEFC-4717-9F91-C12FBE07A293}"
EndProject
Project("{9A19103F-16F7-4668-BE54-9A1E7A4F7556}") = "ACM_Website.Shared", "ACM_Website\Shared\ACM_Website.Shared.csproj", "{0923252C-8FAB-4718-9FA8-8A438CF9F94E}"
EndProject
Project("{9A19103F-16F7-4668-BE54-9A1E7A4F7556}") = "ACM_API", "ACM_API\ACM_API.csproj", "{489A97B5-DE29-4833-85BD-99D6F8CE4244}"
EndProject
Global
	GlobalSection(SolutionConfigurationPlatforms) = preSolution
		Debug|Any CPU = Debug|Any CPU
		Release|Any CPU = Release|Any CPU
	EndGlobalSection
	GlobalSection(ProjectConfigurationPlatforms) = postSolution
		{B349F8E3-5636-4AAB-B01E-41E3645282A6}.Debug|Any CPU.ActiveCfg = Debug|Any CPU
		{B349F8E3-5636-4AAB-B01E-41E3645282A6}.Debug|Any CPU.Build.0 = Debug|Any CPU
		{B349F8E3-5636-4AAB-B01E-41E3645282A6}.Release|Any CPU.ActiveCfg = Release|Any CPU
		{B349F8E3-5636-4AAB-B01E-41E3645282A6}.Release|Any CPU.Build.0 = Release|Any CPU
		{1586FA9E-EEFC-4717-9F91-C12FBE07A293}.Debug|Any CPU.ActiveCfg = Debug|Any CPU
		{1586FA9E-EEFC-4717-9F91-C12FBE07A293}.Debug|Any CPU.Build.0 = Debug|Any CPU
		{1586FA9E-EEFC-4717-9F91-C12FBE07A293}.Release|Any CPU.ActiveCfg = Release|Any CPU
		{1586FA9E-EEFC-4717-9F91-C12FBE07A293}.Release|Any CPU.Build.0 = Release|Any CPU
		{0923252C-8FAB-4718-9FA8-8A438CF9F94E}.Debug|Any CPU.ActiveCfg = Debug|Any CPU
		{0923252C-8FAB-4718-9FA8-8A438CF9F94E}.Debug|Any CPU.Build.0 = Debug|Any CPU
		{0923252C-8FAB-4718-9FA8-8A438CF9F94E}.Release|Any CPU.ActiveCfg = Release|Any CPU
		{0923252C-8FAB-4718-9FA8-8A438CF9F94E}.Release|Any CPU.Build.0 = Release|Any CPU
		{489A97B5-DE29-4833-85BD-99D6F8CE4244}.Debug|Any CPU.ActiveCfg = Debug|Any CPU
		{489A97B5-DE29-4833-85BD-99D6F8CE4244}.Debug|Any CPU.Build.0 = Debug|Any CPU
		{489A97B5-DE29-4833-85BD-99D6F8CE4244}.Release|Any CPU.ActiveCfg = Release|Any CPU
		{489A97B5-DE29-4833-85BD-99D6F8CE4244}.Release|Any CPU.Build.0 = Release|Any CPU
	EndGlobalSection
	GlobalSection(SolutionProperties) = preSolution
		HideSolutionNode = FALSE
	EndGlobalSection
	GlobalSection(ExtensibilityGlobals) = postSolution
		SolutionGuid = {FF88F093-05BB-4A78-9608-F6237EE902BD}
	EndGlobalSection
EndGlobal
